PODS:
  - PocketPurchases (0.1.5):
    - SwiftyStoreKit (~> 0.16.1)
  - SwiftFormat/CLI (0.50.2)
  - SwiftLint (0.49.1)
  - SwiftyStoreKit (0.16.1)

DEPENDENCIES:
  - PocketPurchases (from `../`)
  - SwiftFormat/CLI
  - SwiftLint

SPEC REPOS:
  trunk:
    - SwiftFormat
    - SwiftLint
    - SwiftyStoreKit

EXTERNAL SOURCES:
  PocketPurchases:
    :path: "../"

SPEC CHECKSUMS:
  PocketPurchases: 8d1dd915ffdb06094a66db45b8a3ef0dc472d590
  SwiftFormat: 710117321c55c82675c0dc03055128efbb13c38f
  SwiftLint: 32ee33ded0636d0905ef6911b2b67bbaeeedafa5
  SwiftyStoreKit: 6b9c08810269f030586dac1fae8e75871a82e84a

PODFILE CHECKSUM: 0adf44bad2d7cea6b404e9a144a1c043507dafda

COCOAPODS: 1.10.0
