PODS:
  - PocketPurchases (0.1.6):
    - SwiftyStoreKit (~> 0.16.1)
  - SwiftFormat/CLI (0.53.2)
  - SwiftLint (0.54.0)
  - SwiftyStoreKit (0.16.1)

DEPENDENCIES:
  - PocketPurchases (from `../`)
  - SwiftFormat/CLI
  - SwiftLint

SPEC REPOS:
  https://github.com/CocoaPods/Specs.git:
    - SwiftFormat
    - SwiftLint
    - SwiftyStoreKit

EXTERNAL SOURCES:
  PocketPurchases:
    :path: "../"

SPEC CHECKSUMS:
  PocketPurchases: 48c29870aadff0e06e19c5d50cba9ad9c7c39755
  SwiftFormat: 19cf302c4ecf4f8c64d394d57589beb145debed5
  SwiftLint: c1de071d9d08c8aba837545f6254315bc900e211
  SwiftyStoreKit: 6b9c08810269f030586dac1fae8e75871a82e84a

PODFILE CHECKSUM: 14f24d9123da99d267bc73ccaa852ecc47c81ccb

COCOAPODS: 1.15.2
